Microsoft Visual Studio Solution File, Format Version 12.00
# Visual Studio Version 17
VisualStudioVersion = 17.5.2.0
MinimumVisualStudioVersion = 10.0.40219.1
Project("{FAE04EC0-301F-11D3-BF4B-00C04F79EFBC}") = "ReturnAlphaBoost", "ReturnAlphaBoost.csproj", "{4DF90C21-F5F3-8B94-FC1E-E9237B9DB5A0}"
EndProject
Global
	GlobalSection(SolutionConfigurationPlatforms) = preSolution
		Debug|Any CPU = Debug|Any CPU
		Release|Any CPU = Release|Any CPU
	EndGlobalSection
	GlobalSection(ProjectConfigurationPlatforms) = postSolution
		{4DF90C21-F5F3-8B94-FC1E-E9237B9DB5A0}.Debug|Any CPU.ActiveCfg = Debug|Any CPU
		{4DF90C21-F5F3-8B94-FC1E-E9237B9DB5A0}.Debug|Any CPU.Build.0 = Debug|Any CPU
		{4DF90C21-F5F3-8B94-FC1E-E9237B9DB5A0}.Release|Any CPU.ActiveCfg = Release|Any CPU
		{4DF90C21-F5F3-8B94-FC1E-E9237B9DB5A0}.Release|Any CPU.Build.0 = Release|Any CPU
	EndGlobalSection
	GlobalSection(SolutionProperties) = preSolution
		HideSolutionNode = FALSE
	EndGlobalSection
	GlobalSection(ExtensibilityGlobals) = postSolution
		SolutionGuid = {124D1E50-F6BF-4565-B70A-75675E4675CA}
	EndGlobalSection
EndGlobal
